
Microsoft Visual Studio Solution File, Format Version 12.00
# Visual Studio Version 17
VisualStudioVersion = 17.1.32328.378
MinimumVisualStudioVersion = 10.0.40219.1
Project("{F184B08F-C81C-45F6-A57F-5ABD9991F28F}") = "Game", "Game\Game.vbproj", "{147AE743-6413-48C0-A25C-6473B12C88D6}"
EndProject
Global
	GlobalSection(SolutionConfigurationPlatforms) = preSolution
		Debug|Any CPU = Debug|Any CPU
		Release|Any CPU = Release|Any CPU
	EndGlobalSection
	GlobalSection(ProjectConfigurationPlatforms) = postSolution
		{147AE743-6413-48C0-A25C-6473B12C88D6}.Debug|Any CPU.ActiveCfg = Debug|Any CPU
		{147AE743-6413-48C0-A25C-6473B12C88D6}.Debug|Any CPU.Build.0 = Debug|Any CPU
		{147AE743-6413-48C0-A25C-6473B12C88D6}.Release|Any CPU.ActiveCfg = Release|Any CPU
		{147AE743-6413-48C0-A25C-6473B12C88D6}.Release|Any CPU.Build.0 = Release|Any CPU
	EndGlobalSection
	GlobalSection(SolutionProperties) = preSolution
		HideSolutionNode = FALSE
	EndGlobalSection
	GlobalSection(ExtensibilityGlobals) = postSolution
		SolutionGuid = {89364F8C-1AF3-4CF0-B0E6-892C07F9F275}
	EndGlobalSection
EndGlobal
